<?xml version="1.0" encoding="UTF-8"?>
<CodeBlocks_project_file>
	<FileVersion major="1" minor="6"/>
	<Project>
		<Option title="IZ2"/>
		<Option makefile_is_custom="1"/>
		<Option compiler="gcc"/>
		<Option virtualFolders="CMake Files\;"/>
		<Build>
			<Target title="all">
				<Option working_dir="/home/master/Desktop/technopark/IZ2"/>
				<Option type="4"/>
				<MakeCommands>
					<Build command="/usr/bin/make -f &quot;/home/master/Desktop/technopark/IZ2/Makefile&quot;  VERBOSE=1 all"/>
					<CompileFile command="/usr/bin/make -f &quot;/home/master/Desktop/technopark/IZ2/Makefile&quot;  VERBOSE=1 &quot;$file&quot;"/>
					<Clean command="/usr/bin/make -f &quot;/home/master/Desktop/technopark/IZ2/Makefile&quot;  VERBOSE=1 clean"/>
					<DistClean command="/usr/bin/make -f &quot;/home/master/Desktop/technopark/IZ2/Makefile&quot;  VERBOSE=1 clean"/>
				</MakeCommands>
			</Target>
			<Target title="edit_cache">
				<Option working_dir="/home/master/Desktop/technopark/IZ2"/>
				<Option type="4"/>
				<MakeCommands>
					<Build command="/usr/bin/make -f &quot;/home/master/Desktop/technopark/IZ2/Makefile&quot;  VERBOSE=1 edit_cache"/>
					<CompileFile command="/usr/bin/make -f &quot;/home/master/Desktop/technopark/IZ2/Makefile&quot;  VERBOSE=1 &quot;$file&quot;"/>
					<Clean command="/usr/bin/make -f &quot;/home/master/Desktop/technopark/IZ2/Makefile&quot;  VERBOSE=1 clean"/>
					<DistClean command="/usr/bin/make -f &quot;/home/master/Desktop/technopark/IZ2/Makefile&quot;  VERBOSE=1 clean"/>
				</MakeCommands>
			</Target>
			<Target title="test">
				<Option working_dir="/home/master/Desktop/technopark/IZ2"/>
				<Option type="4"/>
				<MakeCommands>
					<Build command="/usr/bin/make -f &quot;/home/master/Desktop/technopark/IZ2/Makefile&quot;  VERBOSE=1 test"/>
					<CompileFile command="/usr/bin/make -f &quot;/home/master/Desktop/technopark/IZ2/Makefile&quot;  VERBOSE=1 &quot;$file&quot;"/>
					<Clean command="/usr/bin/make -f &quot;/home/master/Desktop/technopark/IZ2/Makefile&quot;  VERBOSE=1 clean"/>
					<DistClean command="/usr/bin/make -f &quot;/home/master/Desktop/technopark/IZ2/Makefile&quot;  VERBOSE=1 clean"/>
				</MakeCommands>
			</Target>
			<Target title="ex">
				<Option output="/home/master/Desktop/technopark/IZ2/ex" prefix_auto="0" extension_auto="0"/>
				<Option working_dir="/home/master/Desktop/technopark/IZ2"/>
				<Option object_output="./"/>
				<Option type="1"/>
				<Option compiler="gcc"/>
				<Compiler>
					<Add directory="/home/master/Desktop/technopark/IZ2/include"/>
				</Compiler>
				<MakeCommands>
					<Build command="/usr/bin/make -f &quot;/home/master/Desktop/technopark/IZ2/Makefile&quot;  VERBOSE=1 ex"/>
					<CompileFile command="/usr/bin/make -f &quot;/home/master/Desktop/technopark/IZ2/Makefile&quot;  VERBOSE=1 &quot;$file&quot;"/>
					<Clean command="/usr/bin/make -f &quot;/home/master/Desktop/technopark/IZ2/Makefile&quot;  VERBOSE=1 clean"/>
					<DistClean command="/usr/bin/make -f &quot;/home/master/Desktop/technopark/IZ2/Makefile&quot;  VERBOSE=1 clean"/>
				</MakeCommands>
			</Target>
			<Target title="ex/fast">
				<Option output="/home/master/Desktop/technopark/IZ2/ex" prefix_auto="0" extension_auto="0"/>
				<Option working_dir="/home/master/Desktop/technopark/IZ2"/>
				<Option object_output="./"/>
				<Option type="1"/>
				<Option compiler="gcc"/>
				<Compiler>
					<Add directory="/home/master/Desktop/technopark/IZ2/include"/>
				</Compiler>
				<MakeCommands>
					<Build command="/usr/bin/make -f &quot;/home/master/Desktop/technopark/IZ2/Makefile&quot;  VERBOSE=1 ex/fast"/>
					<CompileFile command="/usr/bin/make -f &quot;/home/master/Desktop/technopark/IZ2/Makefile&quot;  VERBOSE=1 &quot;$file&quot;"/>
					<Clean command="/usr/bin/make -f &quot;/home/master/Desktop/technopark/IZ2/Makefile&quot;  VERBOSE=1 clean"/>
					<DistClean command="/usr/bin/make -f &quot;/home/master/Desktop/technopark/IZ2/Makefile&quot;  VERBOSE=1 clean"/>
				</MakeCommands>
			</Target>
			<Target title="main">
				<Option output="/home/master/Desktop/technopark/IZ2/main" prefix_auto="0" extension_auto="0"/>
				<Option working_dir="/home/master/Desktop/technopark/IZ2"/>
				<Option object_output="./"/>
				<Option type="1"/>
				<Option compiler="gcc"/>
				<Compiler>
					<Add directory="/home/master/Desktop/technopark/IZ2/include"/>
				</Compiler>
				<MakeCommands>
					<Build command="/usr/bin/make -f &quot;/home/master/Desktop/technopark/IZ2/Makefile&quot;  VERBOSE=1 main"/>
					<CompileFile command="/usr/bin/make -f &quot;/home/master/Desktop/technopark/IZ2/Makefile&quot;  VERBOSE=1 &quot;$file&quot;"/>
					<Clean command="/usr/bin/make -f &quot;/home/master/Desktop/technopark/IZ2/Makefile&quot;  VERBOSE=1 clean"/>
					<DistClean command="/usr/bin/make -f &quot;/home/master/Desktop/technopark/IZ2/Makefile&quot;  VERBOSE=1 clean"/>
				</MakeCommands>
			</Target>
			<Target title="main/fast">
				<Option output="/home/master/Desktop/technopark/IZ2/main" prefix_auto="0" extension_auto="0"/>
				<Option working_dir="/home/master/Desktop/technopark/IZ2"/>
				<Option object_output="./"/>
				<Option type="1"/>
				<Option compiler="gcc"/>
				<Compiler>
					<Add directory="/home/master/Desktop/technopark/IZ2/include"/>
				</Compiler>
				<MakeCommands>
					<Build command="/usr/bin/make -f &quot;/home/master/Desktop/technopark/IZ2/Makefile&quot;  VERBOSE=1 main/fast"/>
					<CompileFile command="/usr/bin/make -f &quot;/home/master/Desktop/technopark/IZ2/Makefile&quot;  VERBOSE=1 &quot;$file&quot;"/>
					<Clean command="/usr/bin/make -f &quot;/home/master/Desktop/technopark/IZ2/Makefile&quot;  VERBOSE=1 clean"/>
					<DistClean command="/usr/bin/make -f &quot;/home/master/Desktop/technopark/IZ2/Makefile&quot;  VERBOSE=1 clean"/>
				</MakeCommands>
			</Target>
			<Target title="rebuild_cache">
				<Option working_dir="/home/master/Desktop/technopark/IZ2"/>
				<Option type="4"/>
				<MakeCommands>
					<Build command="/usr/bin/make -f &quot;/home/master/Desktop/technopark/IZ2/Makefile&quot;  VERBOSE=1 rebuild_cache"/>
					<CompileFile command="/usr/bin/make -f &quot;/home/master/Desktop/technopark/IZ2/Makefile&quot;  VERBOSE=1 &quot;$file&quot;"/>
					<Clean command="/usr/bin/make -f &quot;/home/master/Desktop/technopark/IZ2/Makefile&quot;  VERBOSE=1 clean"/>
					<DistClean command="/usr/bin/make -f &quot;/home/master/Desktop/technopark/IZ2/Makefile&quot;  VERBOSE=1 clean"/>
				</MakeCommands>
			</Target>
			<Target title="IZ2_lib_SHARED_PAR">
				<Option output="/home/master/Desktop/technopark/IZ2/libIZ2_lib_SHARED_PAR.so" prefix_auto="0" extension_auto="0"/>
				<Option working_dir="/home/master/Desktop/technopark/IZ2"/>
				<Option object_output="./"/>
				<Option type="3"/>
				<Option compiler="gcc"/>
				<Compiler>
					<Add directory="/home/master/Desktop/technopark/IZ2/include"/>
				</Compiler>
				<MakeCommands>
					<Build command="/usr/bin/make -f &quot;/home/master/Desktop/technopark/IZ2/Makefile&quot;  VERBOSE=1 IZ2_lib_SHARED_PAR"/>
					<CompileFile command="/usr/bin/make -f &quot;/home/master/Desktop/technopark/IZ2/Makefile&quot;  VERBOSE=1 &quot;$file&quot;"/>
					<Clean command="/usr/bin/make -f &quot;/home/master/Desktop/technopark/IZ2/Makefile&quot;  VERBOSE=1 clean"/>
					<DistClean command="/usr/bin/make -f &quot;/home/master/Desktop/technopark/IZ2/Makefile&quot;  VERBOSE=1 clean"/>
				</MakeCommands>
			</Target>
			<Target title="IZ2_lib_SHARED_PAR/fast">
				<Option output="/home/master/Desktop/technopark/IZ2/libIZ2_lib_SHARED_PAR.so" prefix_auto="0" extension_auto="0"/>
				<Option working_dir="/home/master/Desktop/technopark/IZ2"/>
				<Option object_output="./"/>
				<Option type="3"/>
				<Option compiler="gcc"/>
				<Compiler>
					<Add directory="/home/master/Desktop/technopark/IZ2/include"/>
				</Compiler>
				<MakeCommands>
					<Build command="/usr/bin/make -f &quot;/home/master/Desktop/technopark/IZ2/Makefile&quot;  VERBOSE=1 IZ2_lib_SHARED_PAR/fast"/>
					<CompileFile command="/usr/bin/make -f &quot;/home/master/Desktop/technopark/IZ2/Makefile&quot;  VERBOSE=1 &quot;$file&quot;"/>
					<Clean command="/usr/bin/make -f &quot;/home/master/Desktop/technopark/IZ2/Makefile&quot;  VERBOSE=1 clean"/>
					<DistClean command="/usr/bin/make -f &quot;/home/master/Desktop/technopark/IZ2/Makefile&quot;  VERBOSE=1 clean"/>
				</MakeCommands>
			</Target>
			<Target title="IZ2_lib_STATIC_SEQ">
				<Option output="/home/master/Desktop/technopark/IZ2/libIZ2_lib_STATIC_SEQ.a" prefix_auto="0" extension_auto="0"/>
				<Option working_dir="/home/master/Desktop/technopark/IZ2"/>
				<Option object_output="./"/>
				<Option type="2"/>
				<Option compiler="gcc"/>
				<Compiler>
					<Add directory="/home/master/Desktop/technopark/IZ2/include"/>
				</Compiler>
				<MakeCommands>
					<Build command="/usr/bin/make -f &quot;/home/master/Desktop/technopark/IZ2/Makefile&quot;  VERBOSE=1 IZ2_lib_STATIC_SEQ"/>
					<CompileFile command="/usr/bin/make -f &quot;/home/master/Desktop/technopark/IZ2/Makefile&quot;  VERBOSE=1 &quot;$file&quot;"/>
					<Clean command="/usr/bin/make -f &quot;/home/master/Desktop/technopark/IZ2/Makefile&quot;  VERBOSE=1 clean"/>
					<DistClean command="/usr/bin/make -f &quot;/home/master/Desktop/technopark/IZ2/Makefile&quot;  VERBOSE=1 clean"/>
				</MakeCommands>
			</Target>
			<Target title="IZ2_lib_STATIC_SEQ/fast">
				<Option output="/home/master/Desktop/technopark/IZ2/libIZ2_lib_STATIC_SEQ.a" prefix_auto="0" extension_auto="0"/>
				<Option working_dir="/home/master/Desktop/technopark/IZ2"/>
				<Option object_output="./"/>
				<Option type="2"/>
				<Option compiler="gcc"/>
				<Compiler>
					<Add directory="/home/master/Desktop/technopark/IZ2/include"/>
				</Compiler>
				<MakeCommands>
					<Build command="/usr/bin/make -f &quot;/home/master/Desktop/technopark/IZ2/Makefile&quot;  VERBOSE=1 IZ2_lib_STATIC_SEQ/fast"/>
					<CompileFile command="/usr/bin/make -f &quot;/home/master/Desktop/technopark/IZ2/Makefile&quot;  VERBOSE=1 &quot;$file&quot;"/>
					<Clean command="/usr/bin/make -f &quot;/home/master/Desktop/technopark/IZ2/Makefile&quot;  VERBOSE=1 clean"/>
					<DistClean command="/usr/bin/make -f &quot;/home/master/Desktop/technopark/IZ2/Makefile&quot;  VERBOSE=1 clean"/>
				</MakeCommands>
			</Target>
			<Target title="ex1">
				<Option output="/home/master/Desktop/technopark/IZ2/ex1" prefix_auto="0" extension_auto="0"/>
				<Option working_dir="/home/master/Desktop/technopark/IZ2"/>
				<Option object_output="./"/>
				<Option type="1"/>
				<Option compiler="gcc"/>
				<Compiler>
					<Add directory="/home/master/Desktop/technopark/IZ2/include"/>
				</Compiler>
				<MakeCommands>
					<Build command="/usr/bin/make -f &quot;/home/master/Desktop/technopark/IZ2/Makefile&quot;  VERBOSE=1 ex1"/>
					<CompileFile command="/usr/bin/make -f &quot;/home/master/Desktop/technopark/IZ2/Makefile&quot;  VERBOSE=1 &quot;$file&quot;"/>
					<Clean command="/usr/bin/make -f &quot;/home/master/Desktop/technopark/IZ2/Makefile&quot;  VERBOSE=1 clean"/>
					<DistClean command="/usr/bin/make -f &quot;/home/master/Desktop/technopark/IZ2/Makefile&quot;  VERBOSE=1 clean"/>
				</MakeCommands>
			</Target>
			<Target title="ex1/fast">
				<Option output="/home/master/Desktop/technopark/IZ2/ex1" prefix_auto="0" extension_auto="0"/>
				<Option working_dir="/home/master/Desktop/technopark/IZ2"/>
				<Option object_output="./"/>
				<Option type="1"/>
				<Option compiler="gcc"/>
				<Compiler>
					<Add directory="/home/master/Desktop/technopark/IZ2/include"/>
				</Compiler>
				<MakeCommands>
					<Build command="/usr/bin/make -f &quot;/home/master/Desktop/technopark/IZ2/Makefile&quot;  VERBOSE=1 ex1/fast"/>
					<CompileFile command="/usr/bin/make -f &quot;/home/master/Desktop/technopark/IZ2/Makefile&quot;  VERBOSE=1 &quot;$file&quot;"/>
					<Clean command="/usr/bin/make -f &quot;/home/master/Desktop/technopark/IZ2/Makefile&quot;  VERBOSE=1 clean"/>
					<DistClean command="/usr/bin/make -f &quot;/home/master/Desktop/technopark/IZ2/Makefile&quot;  VERBOSE=1 clean"/>
				</MakeCommands>
			</Target>
			<Target title="ex2">
				<Option output="/home/master/Desktop/technopark/IZ2/ex2" prefix_auto="0" extension_auto="0"/>
				<Option working_dir="/home/master/Desktop/technopark/IZ2"/>
				<Option object_output="./"/>
				<Option type="1"/>
				<Option compiler="gcc"/>
				<Compiler>
					<Add directory="/home/master/Desktop/technopark/IZ2/include"/>
				</Compiler>
				<MakeCommands>
					<Build command="/usr/bin/make -f &quot;/home/master/Desktop/technopark/IZ2/Makefile&quot;  VERBOSE=1 ex2"/>
					<CompileFile command="/usr/bin/make -f &quot;/home/master/Desktop/technopark/IZ2/Makefile&quot;  VERBOSE=1 &quot;$file&quot;"/>
					<Clean command="/usr/bin/make -f &quot;/home/master/Desktop/technopark/IZ2/Makefile&quot;  VERBOSE=1 clean"/>
					<DistClean command="/usr/bin/make -f &quot;/home/master/Desktop/technopark/IZ2/Makefile&quot;  VERBOSE=1 clean"/>
				</MakeCommands>
			</Target>
			<Target title="ex2/fast">
				<Option output="/home/master/Desktop/technopark/IZ2/ex2" prefix_auto="0" extension_auto="0"/>
				<Option working_dir="/home/master/Desktop/technopark/IZ2"/>
				<Option object_output="./"/>
				<Option type="1"/>
				<Option compiler="gcc"/>
				<Compiler>
					<Add directory="/home/master/Desktop/technopark/IZ2/include"/>
				</Compiler>
				<MakeCommands>
					<Build command="/usr/bin/make -f &quot;/home/master/Desktop/technopark/IZ2/Makefile&quot;  VERBOSE=1 ex2/fast"/>
					<CompileFile command="/usr/bin/make -f &quot;/home/master/Desktop/technopark/IZ2/Makefile&quot;  VERBOSE=1 &quot;$file&quot;"/>
					<Clean command="/usr/bin/make -f &quot;/home/master/Desktop/technopark/IZ2/Makefile&quot;  VERBOSE=1 clean"/>
					<DistClean command="/usr/bin/make -f &quot;/home/master/Desktop/technopark/IZ2/Makefile&quot;  VERBOSE=1 clean"/>
				</MakeCommands>
			</Target>
			<Target title="unit_test_par">
				<Option output="/home/master/Desktop/technopark/IZ2/unit_test_par" prefix_auto="0" extension_auto="0"/>
				<Option working_dir="/home/master/Desktop/technopark/IZ2"/>
				<Option object_output="./"/>
				<Option type="1"/>
				<Option compiler="gcc"/>
				<Compiler>
					<Add directory="/home/master/Desktop/technopark/IZ2/include"/>
				</Compiler>
				<MakeCommands>
					<Build command="/usr/bin/make -f &quot;/home/master/Desktop/technopark/IZ2/Makefile&quot;  VERBOSE=1 unit_test_par"/>
					<CompileFile command="/usr/bin/make -f &quot;/home/master/Desktop/technopark/IZ2/Makefile&quot;  VERBOSE=1 &quot;$file&quot;"/>
					<Clean command="/usr/bin/make -f &quot;/home/master/Desktop/technopark/IZ2/Makefile&quot;  VERBOSE=1 clean"/>
					<DistClean command="/usr/bin/make -f &quot;/home/master/Desktop/technopark/IZ2/Makefile&quot;  VERBOSE=1 clean"/>
				</MakeCommands>
			</Target>
			<Target title="unit_test_par/fast">
				<Option output="/home/master/Desktop/technopark/IZ2/unit_test_par" prefix_auto="0" extension_auto="0"/>
				<Option working_dir="/home/master/Desktop/technopark/IZ2"/>
				<Option object_output="./"/>
				<Option type="1"/>
				<Option compiler="gcc"/>
				<Compiler>
					<Add directory="/home/master/Desktop/technopark/IZ2/include"/>
				</Compiler>
				<MakeCommands>
					<Build command="/usr/bin/make -f &quot;/home/master/Desktop/technopark/IZ2/Makefile&quot;  VERBOSE=1 unit_test_par/fast"/>
					<CompileFile command="/usr/bin/make -f &quot;/home/master/Desktop/technopark/IZ2/Makefile&quot;  VERBOSE=1 &quot;$file&quot;"/>
					<Clean command="/usr/bin/make -f &quot;/home/master/Desktop/technopark/IZ2/Makefile&quot;  VERBOSE=1 clean"/>
					<DistClean command="/usr/bin/make -f &quot;/home/master/Desktop/technopark/IZ2/Makefile&quot;  VERBOSE=1 clean"/>
				</MakeCommands>
			</Target>
			<Target title="unit_test_seq">
				<Option output="/home/master/Desktop/technopark/IZ2/unit_test_seq" prefix_auto="0" extension_auto="0"/>
				<Option working_dir="/home/master/Desktop/technopark/IZ2"/>
				<Option object_output="./"/>
				<Option type="1"/>
				<Option compiler="gcc"/>
				<Compiler>
					<Add directory="/home/master/Desktop/technopark/IZ2/include"/>
				</Compiler>
				<MakeCommands>
					<Build command="/usr/bin/make -f &quot;/home/master/Desktop/technopark/IZ2/Makefile&quot;  VERBOSE=1 unit_test_seq"/>
					<CompileFile command="/usr/bin/make -f &quot;/home/master/Desktop/technopark/IZ2/Makefile&quot;  VERBOSE=1 &quot;$file&quot;"/>
					<Clean command="/usr/bin/make -f &quot;/home/master/Desktop/technopark/IZ2/Makefile&quot;  VERBOSE=1 clean"/>
					<DistClean command="/usr/bin/make -f &quot;/home/master/Desktop/technopark/IZ2/Makefile&quot;  VERBOSE=1 clean"/>
				</MakeCommands>
			</Target>
			<Target title="unit_test_seq/fast">
				<Option output="/home/master/Desktop/technopark/IZ2/unit_test_seq" prefix_auto="0" extension_auto="0"/>
				<Option working_dir="/home/master/Desktop/technopark/IZ2"/>
				<Option object_output="./"/>
				<Option type="1"/>
				<Option compiler="gcc"/>
				<Compiler>
					<Add directory="/home/master/Desktop/technopark/IZ2/include"/>
				</Compiler>
				<MakeCommands>
					<Build command="/usr/bin/make -f &quot;/home/master/Desktop/technopark/IZ2/Makefile&quot;  VERBOSE=1 unit_test_seq/fast"/>
					<CompileFile command="/usr/bin/make -f &quot;/home/master/Desktop/technopark/IZ2/Makefile&quot;  VERBOSE=1 &quot;$file&quot;"/>
					<Clean command="/usr/bin/make -f &quot;/home/master/Desktop/technopark/IZ2/Makefile&quot;  VERBOSE=1 clean"/>
					<DistClean command="/usr/bin/make -f &quot;/home/master/Desktop/technopark/IZ2/Makefile&quot;  VERBOSE=1 clean"/>
				</MakeCommands>
			</Target>
		</Build>
		<Unit filename="/home/master/Desktop/technopark/IZ2/example/example_1.c">
			<Option target="ex1"/>
		</Unit>
		<Unit filename="/home/master/Desktop/technopark/IZ2/example/example_2.c">
			<Option target="ex2"/>
		</Unit>
		<Unit filename="/home/master/Desktop/technopark/IZ2/example/example_with_both_libs.cpp">
			<Option target="ex"/>
		</Unit>
		<Unit filename="/home/master/Desktop/technopark/IZ2/example/example_with_input.c">
			<Option target="main"/>
		</Unit>
		<Unit filename="/home/master/Desktop/technopark/IZ2/source/parallel.c">
			<Option target="IZ2_lib_SHARED_PAR"/>
		</Unit>
		<Unit filename="/home/master/Desktop/technopark/IZ2/source/sequential.c">
			<Option target="IZ2_lib_STATIC_SEQ"/>
		</Unit>
		<Unit filename="/home/master/Desktop/technopark/IZ2/test/unit_test_par.cpp">
			<Option target="unit_test_par"/>
		</Unit>
		<Unit filename="/home/master/Desktop/technopark/IZ2/test/unit_test_seq.cpp">
			<Option target="unit_test_seq"/>
		</Unit>
		<Unit filename="/home/master/Desktop/technopark/IZ2/CMakeLists.txt">
			<Option virtualFolder="CMake Files\"/>
		</Unit>
	</Project>
</CodeBlocks_project_file>
